# $NetBSD: files.ioc,v 1.3 2009/02/12 06:33:57 rumble Exp $

device	ioc {[offset = -1], [intr = -1] }
attach	ioc at mainbus
file	arch/sgimips/ioc/ioc.c			ioc

device	oioc {[offset = -1], [intr = -1] }
attach	oioc at mainbus
file	arch/sgimips/ioc/oioc.c			oioc

attach	le at oioc: le24
file	arch/sgimips/ioc/if_le_oioc.c		le

device	oiocsc: wd33c93, scsi
attach	oiocsc at oioc
file	arch/sgimips/ioc/oiocsc.c		oiocsc
